// !$*UTF8*$!
{
	archiveVersion = 1;
	classes = {
	};
	objectVersion = 46;
	objects = {

/* Begin PBXBuildFile section */
		CC7856471C602BDC0088D65C /* AppDelegate.swift in Sources */ = {isa = PBXBuildFile; fileRef = CC7856461C602BDC0088D65C /* AppDelegate.swift */; };
		CC7856491C602BDC0088D65C /* ViewController.swift in Sources */ = {isa = PBXBuildFile; fileRef = CC7856481C602BDC0088D65C /* ViewController.swift */; };
		CC78564C1C602BDC0088D65C /* Main.storyboard in Resources */ = {isa = PBXBuildFile; fileRef = CC78564A1C602BDC0088D65C /* Main.storyboard */; };
		CC78564E1C602BDC0088D65C /* Assets.xcassets in Resources */ = {isa = PBXBuildFile; fileRef = CC78564D1C602BDC0088D65C /* Assets.xcassets */; };
		CC7856511C602BDC0088D65C /* LaunchScreen.storyboard in Resources */ = {isa = PBXBuildFile; fileRef = CC78564F1C602BDC0088D65C /* LaunchScreen.storyboard */; };
		CCF803671C6051A80066D6F1 /* LocalAuthentication.framework in Frameworks */ = {isa = PBXBuildFile; fileRef = CCF803661C6051A80066D6F1 /* LocalAuthentication.framework */; };
/* End PBXBuildFile section */

/* Begin PBXFileReference section */
		CC7856431C602BDC0088D65C /* HelloWorld!.app */ = {isa = PBXFileReference; explicitFileType = wrapper.application; includeInIndex = 0; path = "HelloWorld!.app"; sourceTree = BUILT_PRODUCTS_DIR; };
		CC7856461C602BDC0088D65C /* AppDelegate.swift */ = {isa = PBXFileReference; lastKnownFileType = sourcecode.swift; path = AppDelegate.swift; sourceTree = "<group>"; };
		CC7856481C602BDC0088D65C /* ViewController.swift */ = {isa = PBXFileReference; lastKnownFileType = sourcecode.swift; path = ViewController.swift; sourceTree = "<group>"; };
		CC78564B1C602BDC0088D65C /* Base */ = {isa = PBXFileReference; lastKnownFileType = file.storyboard; name = Base; path = Base.lproj/Main.storyboard; sourceTree = "<group>"; };
		CC78564D1C602BDC0088D65C /* Assets.xcassets */ = {isa = PBXFileReference; lastKnownFileType = folder.assetcatalog; path = Assets.xcassets; sourceTree = "<group>"; };
		CC7856501C602BDC0088D65C /* Base */ = {isa = PBXFileReference; lastKnownFileType = file.storyboard; name = Base; path = Base.lproj/LaunchScreen.storyboard; sourceTree = "<group>"; };
		CC7856521C602BDC0088D65C /* Info.plist */ = {isa = PBXFileReference; lastKnownFileType = text.plist.xml; path = Info.plist; sourceTree = "<group>"; };
		CCF803661C6051A80066D6F1 /* LocalAuthentication.framework */ = {isa = PBXFileReference; lastKnownFileType = wrapper.framework; name = LocalAuthentication.framework; path = System/Library/Frameworks/LocalAuthentication.framework; sourceTree = SDKROOT; };
/* End PBXFileReference section */

/* Begin PBXFrameworksBuildPhase section */
		CC7856401C602BDC0088D65C /* Frameworks */ = {
			isa = PBXFrameworksBuildPhase;
			buildActionMask = 2147483647;
			files = (
				CCF803671C6051A80066D6F1 /* LocalAuthentication.framework in Frameworks */,
			);
			runOnlyForDeploymentPostprocessing = 0;
		};
/* End PBXFrameworksBuildPhase section */

/* Begin PBXGroup section */
		CC78563A1C602BDC0088D65C = {
			isa = PBXGroup;
			children = (
				CCF803661C6051A80066D6F1 /* LocalAuthentication.framework */,
				CC7856451C602BDC0088D65C /* HelloWorld! */,
				CC7856441C602BDC0088D65C /* Products */,
			);
			sourceTree = "<group>";
		};
		CC7856441C602BDC0088D65C /* Products */ = {
			isa = PBXGroup;
			children = (
				CC7856431C602BDC0088D65C /* HelloWorld!.app */,
			);
			name = Products;
			sourceTree = "<group>";
		};
		CC7856451C602BDC0088D65C /* HelloWorld! */ = {
			isa = PBXGroup;
			children = (
				CC7856461C602BDC0088D65C /* AppDelegate.swift */,
				CC7856481C602BDC0088D65C /* ViewController.swift */,
				CC78564A1C602BDC0088D65C /* Main.storyboard */,
				CC78564D1C602BDC0088D65C /* Assets.xcassets */,
				CC78564F1C602BDC0088D65C /* LaunchScreen.storyboard */,
				CC7856521C602BDC0088D65C /* Info.plist */,
			);
			path = "HelloWorld!";
			sourceTree = "<group>";
		};
/* End PBXGroup section */

/* Begin PBXNativeTarget section */
		CC7856421C602BDC0088D65C /* HelloWorld! */ = {
			isa = PBXNativeTarget;
			buildConfigurationList = CC7856551C602BDC0088D65C /* Build configuration list for PBXNativeTarget "HelloWorld!" */;
			buildPhases = (
				CC78563F1C602BDC0088D65C /* Sources */,
				CC7856401C602BDC0088D65C /* Frameworks */,
				CC7856411C602BDC0088D65C /* Resources */,
			);
			buildRules = (
			);
			dependencies = (
			);
			name = "HelloWorld!";
			productName = "HelloWorld!";
			productReference = CC7856431C602BDC0088D65C /* HelloWorld!.app */;
			productType = "com.apple.product-type.application";
		};
/* End PBXNativeTarget section */

/* Begin PBXProject section */
		CC78563B1C602BDC0088D65C /* Project object */ = {
			isa = PBXProject;
			attributes = {
				LastSwiftUpdateCheck = 0720;
				LastUpgradeCheck = 0720;
				ORGANIZATIONNAME = "Дмитрий Александров";
				TargetAttributes = {
					CC7856421C602BDC0088D65C = {
						CreatedOnToolsVersion = 7.2;
						DevelopmentTeam = 93GSSZ2JRM;
					};
				};
			};
			buildConfigurationList = CC78563E1C602BDC0088D65C /* Build configuration list for PBXProject "HelloWorld!" */;
			compatibilityVersion = "Xcode 3.2";
			developmentRegion = English;
			hasScannedForEncodings = 0;
			knownRegions = (
				en,
				Base,
			);
			mainGroup = CC78563A1C602BDC0088D65C;
			productRefGroup = CC7856441C602BDC0088D65C /* Products */;
			projectDirPath = "";
			projectRoot = "";
			targets = (
				CC7856421C602BDC0088D65C /* HelloWorld! */,
			);
		};
/* End PBXProject section */

/* Begin PBXResourcesBuildPhase section */
		CC7856411C602BDC0088D65C /* Resources */ = {
			isa = PBXResourcesBuildPhase;
			buildActionMask = 2147483647;
			files = (
				CC7856511C602BDC0088D65C /* LaunchScreen.storyboard in Resources */,
				CC78564E1C602BDC0088D65C /* Assets.xcassets in Resources */,
				CC78564C1C602BDC0088D65C /* Main.storyboard in Resources */,
			);
			runOnlyForDeploymentPostprocessing = 0;
		};
/* End PBXResourcesBuildPhase section */

/* Begin PBXSourcesBuildPhase section */
		CC78563F1C602BDC0088D65C /* Sources */ = {
			isa = PBXSourcesBuildPhase;
			buildActionMask = 2147483647;
			files = (
				CC7856491C602BDC0088D65C /* ViewController.swift in Sources */,
				CC7856471C602BDC0088D65C /* AppDelegate.swift in Sources */,
			);
			runOnlyForDeploymentPostprocessing = 0;
		};
/* End PBXSourcesBuildPhase section */

/* Begin PBXVariantGroup section */
		CC78564A1C602BDC0088D65C /* Main.storyboard */ = {
			isa = PBXVariantGroup;
			children = (
				CC78564B1C602BDC0088D65C /* Base */,
			);
			name = Main.storyboard;
			sourceTree = "<group>";
		};
		CC78564F1C602BDC0088D65C /* LaunchScreen.storyboard */ = {
			isa = PBXVariantGroup;
			children = (
				CC7856501C602BDC0088D65C /* Base */,
			);
			name = LaunchScreen.storyboard;
			sourceTree = "<group>";
		};
/* End PBXVariantGroup section */

/* Begin XCBuildConfiguration section */
		CC7856531C602BDC0088D65C /* Debug */ = {
			isa = XCBuildConfiguration;
			buildSettings = {
				ALWAYS_SEARCH_USER_PATHS = NO;
				CLANG_CXX_LANGUAGE_STANDARD = "gnu++0x";
				CLANG_CXX_LIBRARY = "libc++";
				CLANG_ENABLE_MODULES = YES;
				CLANG_ENABLE_OBJC_ARC = YES;
				CLANG_WARN_BOOL_CONVERSION = YES;
				CLANG_WARN_CONSTANT_CONVERSION = YES;
				CLANG_WARN_DIRECT_OBJC_ISA_USAGE = YES_ERROR;
				CLANG_WARN_EMPTY_BODY = YES;
				CLANG_WARN_ENUM_CONVERSION = YES;
				CLANG_WARN_INT_CONVERSION = YES;
				CLANG_WARN_OBJC_ROOT_CLASS = YES_ERROR;
				CLANG_WARN_UNREACHABLE_CODE = YES;
				CLANG_WARN__DUPLICATE_METHOD_MATCH = YES;
				"CODE_SIGN_IDENTITY[sdk=iphoneos*]" = "iPhone Developer";
				COPY_PHASE_STRIP = NO;
				DEBUG_INFORMATION_FORMAT = dwarf;
				ENABLE_STRICT_OBJC_MSGSEND = YES;
				ENABLE_TESTABILITY = YES;
				GCC_C_LANGUAGE_STANDARD = gnu99;
				GCC_DYNAMIC_NO_PIC = NO;
				GCC_NO_COMMON_BLOCKS = YES;
				GCC_OPTIMIZATION_LEVEL = 0;
				GCC_PREPROCESSOR_DEFINITIONS = (
					"DEBUG=1",
					"$(inherited)",
				);
				GCC_WARN_64_TO_32_BIT_CONVERSION = YES;
				GCC_WARN_ABOUT_RETURN_TYPE = YES_ERROR;
				GCC_WARN_UNDECLARED_SELECTOR = YES;
				GCC_WARN_UNINITIALIZED_AUTOS = YES_AGGRESSIVE;
				GCC_WARN_UNUSED_FUNCTION = YES;
				GCC_WARN_UNUSED_VARIABLE = YES;
				IPHONEOS_DEPLOYMENT_TARGET = 9.2;
				MTL_ENABLE_DEBUG_INFO = YES;
				ONLY_ACTIVE_ARCH = YES;
				SDKROOT = iphoneos;
				SWIFT_OPTIMIZATION_LEVEL = "-Onone";
			};
			name = Debug;
		};
		CC7856541C602BDC0088D65C /* Release */ = {
			isa = XCBuildConfiguration;
			buildSettings = {
				ALWAYS_SEARCH_USER_PATHS = NO;
				CLANG_CXX_LANGUAGE_STANDARD = "gnu++0x";
				CLANG_CXX_LIBRARY = "libc++";
				CLANG_ENABLE_MODULES = YES;
				CLANG_ENABLE_OBJC_ARC = YES;
				CLANG_WARN_BOOL_CONVERSION = YES;
				CLANG_WARN_CONSTANT_CONVERSION = YES;
				CLANG_WARN_DIRECT_OBJC_ISA_USAGE = YES_ERROR;
				CLANG_WARN_EMPTY_BODY = YES;
				CLANG_WARN_ENUM_CONVERSION = YES;
				CLANG_WARN_INT_CONVERSION = YES;
				CLANG_WARN_OBJC_ROOT_CLASS = YES_ERROR;
				CLANG_WARN_UNREACHABLE_CODE = YES;
				CLANG_WARN__DUPLICATE_METHOD_MATCH = YES;
				"CODE_SIGN_IDENTITY[sdk=iphoneos*]" = "iPhone Developer";
				COPY_PHASE_STRIP = NO;
				DEBUG_INFORMATION_FORMAT = "dwarf-with-dsym";
				ENABLE_NS_ASSERTIONS = NO;
				ENABLE_STRICT_OBJC_MSGSEND = YES;
				GCC_C_LANGUAGE_STANDARD = gnu99;
				GCC_NO_COMMON_BLOCKS = YES;
				GCC_WARN_64_TO_32_BIT_CONVERSION = YES;
				GCC_WARN_ABOUT_RETURN_TYPE = YES_ERROR;
				GCC_WARN_UNDECLARED_SELECTOR = YES;
				GCC_WARN_UNINITIALIZED_AUTOS = YES_AGGRESSIVE;
				GCC_WARN_UNUSED_FUNCTION = YES;
				GCC_WARN_UNUSED_VARIABLE = YES;
				IPHONEOS_DEPLOYMENT_TARGET = 9.2;
				MTL_ENABLE_DEBUG_INFO = NO;
				SDKROOT = iphoneos;
				VALIDATE_PRODUCT = YES;
			};
			name = Release;
		};
		CC7856561C602BDC0088D65C /* Debug */ = {
			isa = XCBuildConfiguration;
			buildSettings = {
				ASSETCATALOG_COMPILER_APPICON_NAME = AppIcon;
				INFOPLIST_FILE = "HelloWorld!/Info.plist";
				IPHONEOS_DEPLOYMENT_TARGET = 9.2;
				LD_RUNPATH_SEARCH_PATHS = "$(inherited) @executable_path/Frameworks";
				PRODUCT_BUNDLE_IDENTIFIER = dmitryal37;
				PRODUCT_NAME = "$(TARGET_NAME)";
				TARGETED_DEVICE_FAMILY = 1;
			};
			name = Debug;
		};
		CC7856571C602BDC0088D65C /* Release */ = {
			isa = XCBuildConfiguration;
			buildSettings = {
				ASSETCATALOG_COMPILER_APPICON_NAME = AppIcon;
				INFOPLIST_FILE = "HelloWorld!/Info.plist";
				IPHONEOS_DEPLOYMENT_TARGET = 9.2;
				LD_RUNPATH_SEARCH_PATHS = "$(inherited) @executable_path/Frameworks";
				PRODUCT_BUNDLE_IDENTIFIER = dmitryal37;
				PRODUCT_NAME = "$(TARGET_NAME)";
				TARGETED_DEVICE_FAMILY = 1;
			};
			name = Release;
		};
/* End XCBuildConfiguration section */

/* Begin XCConfigurationList section */
		CC78563E1C602BDC0088D65C /* Build configuration list for PBXProject "HelloWorld!" */ = {
			isa = XCConfigurationList;
			buildConfigurations = (
				CC7856531C602BDC0088D65C /* Debug */,
				CC7856541C602BDC0088D65C /* Release */,
			);
			defaultConfigurationIsVisible = 0;
			defaultConfigurationName = Release;
		};
		CC7856551C602BDC0088D65C /* Build configuration list for PBXNativeTarget "HelloWorld!" */ = {
			isa = XCConfigurationList;
			buildConfigurations = (
				CC7856561C602BDC0088D65C /* Debug */,
				CC7856571C602BDC0088D65C /* Release */,
			);
			defaultConfigurationIsVisible = 0;
			defaultConfigurationName = Release;
		};
/* End XCConfigurationList section */
	};
	rootObject = CC78563B1C602BDC0088D65C /* Project object */;
}
